// !$*UTF8*$!
{
	archiveVersion = 1;
	classes = {
	};
	objectVersion = 50;
	objects = {

/* Begin PBXBuildFile section */
		21E4A51C23412E0E0067D84D /* AppDelegate.swift in Sources */ = {isa = PBXBuildFile; fileRef = 21E4A51B23412E0E0067D84D /* AppDelegate.swift */; };
		21E4A51E23412E0E0067D84D /* SceneDelegate.swift in Sources */ = {isa = PBXBuildFile; fileRef = 21E4A51D23412E0E0067D84D /* SceneDelegate.swift */; };
		21E4A52023412E0E0067D84D /* ContentView.swift in Sources */ = {isa = PBXBuildFile; fileRef = 21E4A51F23412E0E0067D84D /* ContentView.swift */; };
		21E4A52223412E0F0067D84D /* Assets.xcassets in Resources */ = {isa = PBXBuildFile; fileRef = 21E4A52123412E0F0067D84D /* Assets.xcassets */; };
		21E4A52523412E0F0067D84D /* Preview Assets.xcassets in Resources */ = {isa = PBXBuildFile; fileRef = 21E4A52423412E0F0067D84D /* Preview Assets.xcassets */; };
		21E4A52823412E0F0067D84D /* LaunchScreen.storyboard in Resources */ = {isa = PBXBuildFile; fileRef = 21E4A52623412E0F0067D84D /* LaunchScreen.storyboard */; };
		21E4A53123412E8F0067D84D /* UserViewModel.swift in Sources */ = {isa = PBXBuildFile; fileRef = 21E4A53023412E8F0067D84D /* UserViewModel.swift */; };
/* End PBXBuildFile section */

/* Begin PBXFileReference section */
		21E4A51823412E0E0067D84D /* CombineFrameworkFeildValidation.app */ = {isa = PBXFileReference; explicitFileType = wrapper.application; includeInIndex = 0; path = CombineFrameworkFeildValidation.app; sourceTree = BUILT_PRODUCTS_DIR; };
		21E4A51B23412E0E0067D84D /* AppDelegate.swift */ = {isa = PBXFileReference; lastKnownFileType = sourcecode.swift; path = AppDelegate.swift; sourceTree = "<group>"; };
		21E4A51D23412E0E0067D84D /* SceneDelegate.swift */ = {isa = PBXFileReference; lastKnownFileType = sourcecode.swift; path = SceneDelegate.swift; sourceTree = "<group>"; };
		21E4A51F23412E0E0067D84D /* ContentView.swift */ = {isa = PBXFileReference; lastKnownFileType = sourcecode.swift; path = ContentView.swift; sourceTree = "<group>"; };
		21E4A52123412E0F0067D84D /* Assets.xcassets */ = {isa = PBXFileReference; lastKnownFileType = folder.assetcatalog; path = Assets.xcassets; sourceTree = "<group>"; };
		21E4A52423412E0F0067D84D /* Preview Assets.xcassets */ = {isa = PBXFileReference; lastKnownFileType = folder.assetcatalog; path = "Preview Assets.xcassets"; sourceTree = "<group>"; };
		21E4A52723412E0F0067D84D /* Base */ = {isa = PBXFileReference; lastKnownFileType = file.storyboard; name = Base; path = Base.lproj/LaunchScreen.storyboard; sourceTree = "<group>"; };
		21E4A52923412E0F0067D84D /* Info.plist */ = {isa = PBXFileReference; lastKnownFileType = text.plist.xml; path = Info.plist; sourceTree = "<group>"; };
		21E4A53023412E8F0067D84D /* UserViewModel.swift */ = {isa = PBXFileReference; lastKnownFileType = sourcecode.swift; path = UserViewModel.swift; sourceTree = "<group>"; };
/* End PBXFileReference section */

/* Begin PBXFrameworksBuildPhase section */
		21E4A51523412E0E0067D84D /* Frameworks */ = {
			isa = PBXFrameworksBuildPhase;
			buildActionMask = 2147483647;
			files = (
			);
			runOnlyForDeploymentPostprocessing = 0;
		};
/* End PBXFrameworksBuildPhase section */

/* Begin PBXGroup section */
		21E4A50F23412E0E0067D84D = {
			isa = PBXGroup;
			children = (
				21E4A51A23412E0E0067D84D /* CombineFrameworkFeildValidation */,
				21E4A51923412E0E0067D84D /* Products */,
			);
			sourceTree = "<group>";
		};
		21E4A51923412E0E0067D84D /* Products */ = {
			isa = PBXGroup;
			children = (
				21E4A51823412E0E0067D84D /* CombineFrameworkFeildValidation.app */,
			);
			name = Products;
			sourceTree = "<group>";
		};
		21E4A51A23412E0E0067D84D /* CombineFrameworkFeildValidation */ = {
			isa = PBXGroup;
			children = (
				21E4A52F23412E500067D84D /* ViewModel */,
				21E4A51B23412E0E0067D84D /* AppDelegate.swift */,
				21E4A51D23412E0E0067D84D /* SceneDelegate.swift */,
				21E4A51F23412E0E0067D84D /* ContentView.swift */,
				21E4A52123412E0F0067D84D /* Assets.xcassets */,
				21E4A52623412E0F0067D84D /* LaunchScreen.storyboard */,
				21E4A52923412E0F0067D84D /* Info.plist */,
				21E4A52323412E0F0067D84D /* Preview Content */,
			);
			path = CombineFrameworkFeildValidation;
			sourceTree = "<group>";
		};
		21E4A52323412E0F0067D84D /* Preview Content */ = {
			isa = PBXGroup;
			children = (
				21E4A52423412E0F0067D84D /* Preview Assets.xcassets */,
			);
			path = "Preview Content";
			sourceTree = "<group>";
		};
		21E4A52F23412E500067D84D /* ViewModel */ = {
			isa = PBXGroup;
			children = (
				21E4A53023412E8F0067D84D /* UserViewModel.swift */,
			);
			path = ViewModel;
			sourceTree = "<group>";
		};
/* End PBXGroup section */

/* Begin PBXNativeTarget section */
		21E4A51723412E0E0067D84D /* CombineFrameworkFeildValidation */ = {
			isa = PBXNativeTarget;
			buildConfigurationList = 21E4A52C23412E0F0067D84D /* Build configuration list for PBXNativeTarget "CombineFrameworkFeildValidation" */;
			buildPhases = (
				21E4A51423412E0E0067D84D /* Sources */,
				21E4A51523412E0E0067D84D /* Frameworks */,
				21E4A51623412E0E0067D84D /* Resources */,
			);
			buildRules = (
			);
			dependencies = (
			);
			name = CombineFrameworkFeildValidation;
			productName = CombineFrameworkFeildValidation;
			productReference = 21E4A51823412E0E0067D84D /* CombineFrameworkFeildValidation.app */;
			productType = "com.apple.product-type.application";
		};
/* End PBXNativeTarget section */

/* Begin PBXProject section */
		21E4A51023412E0E0067D84D /* Project object */ = {
			isa = PBXProject;
			attributes = {
				LastSwiftUpdateCheck = 1100;
				LastUpgradeCheck = 1100;
				ORGANIZATIONNAME = "Gagan Vishal";
				TargetAttributes = {
					21E4A51723412E0E0067D84D = {
						CreatedOnToolsVersion = 11.0;
					};
				};
			};
			buildConfigurationList = 21E4A51323412E0E0067D84D /* Build configuration list for PBXProject "CombineFrameworkFeildValidation" */;
			compatibilityVersion = "Xcode 9.3";
			developmentRegion = en;
			hasScannedForEncodings = 0;
			knownRegions = (
				en,
				Base,
			);
			mainGroup = 21E4A50F23412E0E0067D84D;
			productRefGroup = 21E4A51923412E0E0067D84D /* Products */;
			projectDirPath = "";
			projectRoot = "";
			targets = (
				21E4A51723412E0E0067D84D /* CombineFrameworkFeildValidation */,
			);
		};
/* End PBXProject section */

/* Begin PBXResourcesBuildPhase section */
		21E4A51623412E0E0067D84D /* Resources */ = {
			isa = PBXResourcesBuildPhase;
			buildActionMask = 2147483647;
			files = (
				21E4A52823412E0F0067D84D /* LaunchScreen.storyboard in Resources */,
				21E4A52523412E0F0067D84D /* Preview Assets.xcassets in Resources */,
				21E4A52223412E0F0067D84D /* Assets.xcassets in Resources */,
			);
			runOnlyForDeploymentPostprocessing = 0;
		};
/* End PBXResourcesBuildPhase section */

/* Begin PBXSourcesBuildPhase section */
		21E4A51423412E0E0067D84D /* Sources */ = {
			isa = PBXSourcesBuildPhase;
			buildActionMask = 2147483647;
			files = (
				21E4A51C23412E0E0067D84D /* AppDelegate.swift in Sources */,
				21E4A53123412E8F0067D84D /* UserViewModel.swift in Sources */,
				21E4A51E23412E0E0067D84D /* SceneDelegate.swift in Sources */,
				21E4A52023412E0E0067D84D /* ContentView.swift in Sources */,
			);
			runOnlyForDeploymentPostprocessing = 0;
		};
/* End PBXSourcesBuildPhase section */

/* Begin PBXVariantGroup section */
		21E4A52623412E0F0067D84D /* LaunchScreen.storyboard */ = {
			isa = PBXVariantGroup;
			children = (
				21E4A52723412E0F0067D84D /* Base */,
			);
			name = LaunchScreen.storyboard;
			sourceTree = "<group>";
		};
/* End PBXVariantGroup section */

/* Begin XCBuildConfiguration section */
		21E4A52A23412E0F0067D84D /* Debug */ = {
			isa = XCBuildConfiguration;
			buildSettings = {
				ALWAYS_SEARCH_USER_PATHS = NO;
				CLANG_ANALYZER_NONNULL = YES;
				CLANG_ANALYZER_NUMBER_OBJECT_CONVERSION = YES_AGGRESSIVE;
				CLANG_CXX_LANGUAGE_STANDARD = "gnu++14";
				CLANG_CXX_LIBRARY = "libc++";
				CLANG_ENABLE_MODULES = YES;
				CLANG_ENABLE_OBJC_ARC = YES;
				CLANG_ENABLE_OBJC_WEAK = YES;
				CLANG_WARN_BLOCK_CAPTURE_AUTORELEASING = YES;
				CLANG_WARN_BOOL_CONVERSION = YES;
				CLANG_WARN_COMMA = YES;
				CLANG_WARN_CONSTANT_CONVERSION = YES;
				CLANG_WARN_DEPRECATED_OBJC_IMPLEMENTATIONS = YES;
				CLANG_WARN_DIRECT_OBJC_ISA_USAGE = YES_ERROR;
				CLANG_WARN_DOCUMENTATION_COMMENTS = YES;
				CLANG_WARN_EMPTY_BODY = YES;
				CLANG_WARN_ENUM_CONVERSION = YES;
				CLANG_WARN_INFINITE_RECURSION = YES;
				CLANG_WARN_INT_CONVERSION = YES;
				CLANG_WARN_NON_LITERAL_NULL_CONVERSION = YES;
				CLANG_WARN_OBJC_IMPLICIT_RETAIN_SELF = YES;
				CLANG_WARN_OBJC_LITERAL_CONVERSION = YES;
				CLANG_WARN_OBJC_ROOT_CLASS = YES_ERROR;
				CLANG_WARN_RANGE_LOOP_ANALYSIS = YES;
				CLANG_WARN_STRICT_PROTOTYPES = YES;
				CLANG_WARN_SUSPICIOUS_MOVE = YES;
				CLANG_WARN_UNGUARDED_AVAILABILITY = YES_AGGRESSIVE;
				CLANG_WARN_UNREACHABLE_CODE = YES;
				CLANG_WARN__DUPLICATE_METHOD_MATCH = YES;
				COPY_PHASE_STRIP = NO;
				DEBUG_INFORMATION_FORMAT = dwarf;
				ENABLE_STRICT_OBJC_MSGSEND = YES;
				ENABLE_TESTABILITY = YES;
				GCC_C_LANGUAGE_STANDARD = gnu11;
				GCC_DYNAMIC_NO_PIC = NO;
				GCC_NO_COMMON_BLOCKS = YES;
				GCC_OPTIMIZATION_LEVEL = 0;
				GCC_PREPROCESSOR_DEFINITIONS = (
					"DEBUG=1",
					"$(inherited)",
				);
				GCC_WARN_64_TO_32_BIT_CONVERSION = YES;
				GCC_WARN_ABOUT_RETURN_TYPE = YES_ERROR;
				GCC_WARN_UNDECLARED_SELECTOR = YES;
				GCC_WARN_UNINITIALIZED_AUTOS = YES_AGGRESSIVE;
				GCC_WARN_UNUSED_FUNCTION = YES;
				GCC_WARN_UNUSED_VARIABLE = YES;
				IPHONEOS_DEPLOYMENT_TARGET = 13.0;
				MTL_ENABLE_DEBUG_INFO = INCLUDE_SOURCE;
				MTL_FAST_MATH = YES;
				ONLY_ACTIVE_ARCH = YES;
				SDKROOT = iphoneos;
				SWIFT_ACTIVE_COMPILATION_CONDITIONS = DEBUG;
				SWIFT_OPTIMIZATION_LEVEL = "-Onone";
			};
			name = Debug;
		};
		21E4A52B23412E0F0067D84D /* Release */ = {
			isa = XCBuildConfiguration;
			buildSettings = {
				ALWAYS_SEARCH_USER_PATHS = NO;
				CLANG_ANALYZER_NONNULL = YES;
				CLANG_ANALYZER_NUMBER_OBJECT_CONVERSION = YES_AGGRESSIVE;
				CLANG_CXX_LANGUAGE_STANDARD = "gnu++14";
				CLANG_CXX_LIBRARY = "libc++";
				CLANG_ENABLE_MODULES = YES;
				CLANG_ENABLE_OBJC_ARC = YES;
				CLANG_ENABLE_OBJC_WEAK = YES;
				CLANG_WARN_BLOCK_CAPTURE_AUTORELEASING = YES;
				CLANG_WARN_BOOL_CONVERSION = YES;
				CLANG_WARN_COMMA = YES;
				CLANG_WARN_CONSTANT_CONVERSION = YES;
				CLANG_WARN_DEPRECATED_OBJC_IMPLEMENTATIONS = YES;
				CLANG_WARN_DIRECT_OBJC_ISA_USAGE = YES_ERROR;
				CLANG_WARN_DOCUMENTATION_COMMENTS = YES;
				CLANG_WARN_EMPTY_BODY = YES;
				CLANG_WARN_ENUM_CONVERSION = YES;
				CLANG_WARN_INFINITE_RECURSION = YES;
				CLANG_WARN_INT_CONVERSION = YES;
				CLANG_WARN_NON_LITERAL_NULL_CONVERSION = YES;
				CLANG_WARN_OBJC_IMPLICIT_RETAIN_SELF = YES;
				CLANG_WARN_OBJC_LITERAL_CONVERSION = YES;
				CLANG_WARN_OBJC_ROOT_CLASS = YES_ERROR;
				CLANG_WARN_RANGE_LOOP_ANALYSIS = YES;
				CLANG_WARN_STRICT_PROTOTYPES = YES;
				CLANG_WARN_SUSPICIOUS_MOVE = YES;
				CLANG_WARN_UNGUARDED_AVAILABILITY = YES_AGGRESSIVE;
				CLANG_WARN_UNREACHABLE_CODE = YES;
				CLANG_WARN__DUPLICATE_METHOD_MATCH = YES;
				COPY_PHASE_STRIP = NO;
				DEBUG_INFORMATION_FORMAT = "dwarf-with-dsym";
				ENABLE_NS_ASSERTIONS = NO;
				ENABLE_STRICT_OBJC_MSGSEND = YES;
				GCC_C_LANGUAGE_STANDARD = gnu11;
				GCC_NO_COMMON_BLOCKS = YES;
				GCC_WARN_64_TO_32_BIT_CONVERSION = YES;
				GCC_WARN_ABOUT_RETURN_TYPE = YES_ERROR;
				GCC_WARN_UNDECLARED_SELECTOR = YES;
				GCC_WARN_UNINITIALIZED_AUTOS = YES_AGGRESSIVE;
				GCC_WARN_UNUSED_FUNCTION = YES;
				GCC_WARN_UNUSED_VARIABLE = YES;
				IPHONEOS_DEPLOYMENT_TARGET = 13.0;
				MTL_ENABLE_DEBUG_INFO = NO;
				MTL_FAST_MATH = YES;
				SDKROOT = iphoneos;
				SWIFT_COMPILATION_MODE = wholemodule;
				SWIFT_OPTIMIZATION_LEVEL = "-O";
				VALIDATE_PRODUCT = YES;
			};
			name = Release;
		};
		21E4A52D23412E0F0067D84D /* Debug */ = {
			isa = XCBuildConfiguration;
			buildSettings = {
				ASSETCATALOG_COMPILER_APPICON_NAME = AppIcon;
				CODE_SIGN_STYLE = Automatic;
				DEVELOPMENT_ASSET_PATHS = "\"CombineFrameworkFeildValidation/Preview Content\"";
				ENABLE_PREVIEWS = YES;
				INFOPLIST_FILE = CombineFrameworkFeildValidation/Info.plist;
				LD_RUNPATH_SEARCH_PATHS = (
					"$(inherited)",
					"@executable_path/Frameworks",
				);
				PRODUCT_BUNDLE_IDENTIFIER = com.test.CombineFrameworkFeildValidation;
				PRODUCT_NAME = "$(TARGET_NAME)";
				SWIFT_VERSION = 5.0;
				TARGETED_DEVICE_FAMILY = "1,2";
			};
			name = Debug;
		};
		21E4A52E23412E0F0067D84D /* Release */ = {
			isa = XCBuildConfiguration;
			buildSettings = {
				ASSETCATALOG_COMPILER_APPICON_NAME = AppIcon;
				CODE_SIGN_STYLE = Automatic;
				DEVELOPMENT_ASSET_PATHS = "\"CombineFrameworkFeildValidation/Preview Content\"";
				ENABLE_PREVIEWS = YES;
				INFOPLIST_FILE = CombineFrameworkFeildValidation/Info.plist;
				LD_RUNPATH_SEARCH_PATHS = (
					"$(inherited)",
					"@executable_path/Frameworks",
				);
				PRODUCT_BUNDLE_IDENTIFIER = com.test.CombineFrameworkFeildValidation;
				PRODUCT_NAME = "$(TARGET_NAME)";
				SWIFT_VERSION = 5.0;
				TARGETED_DEVICE_FAMILY = "1,2";
			};
			name = Release;
		};
/* End XCBuildConfiguration section */

/* Begin XCConfigurationList section */
		21E4A51323412E0E0067D84D /* Build configuration list for PBXProject "CombineFrameworkFeildValidation" */ = {
			isa = XCConfigurationList;
			buildConfigurations = (
				21E4A52A23412E0F0067D84D /* Debug */,
				21E4A52B23412E0F0067D84D /* Release */,
			);
			defaultConfigurationIsVisible = 0;
			defaultConfigurationName = Release;
		};
		21E4A52C23412E0F0067D84D /* Build configuration list for PBXNativeTarget "CombineFrameworkFeildValidation" */ = {
			isa = XCConfigurationList;
			buildConfigurations = (
				21E4A52D23412E0F0067D84D /* Debug */,
				21E4A52E23412E0F0067D84D /* Release */,
			);
			defaultConfigurationIsVisible = 0;
			defaultConfigurationName = Release;
		};
/* End XCConfigurationList section */
	};
	rootObject = 21E4A51023412E0E0067D84D /* Project object */;
}
